
Microsoft Visual Studio Solution File, Format Version 12.00
# Visual Studio Version 16
VisualStudioVersion = 16.0.31410.357
MinimumVisualStudioVersion = 10.0.40219.1
Project("{FAE04EC0-301F-11D3-BF4B-00C04F79EFBC}") = "Retina.Android", "Retina.Android\Retina.Android.csproj", "{7C6B571C-80FC-49B4-9488-0C56CCCACF38}"
EndProject
Project("{FAE04EC0-301F-11D3-BF4B-00C04F79EFBC}") = "Retina.iOS", "Retina.iOS\Retina.iOS.csproj", "{FC43CA4E-14C0-4F8F-8E7D-DD71117ECC68}"
EndProject
Project("{FAE04EC0-301F-11D3-BF4B-00C04F79EFBC}") = "Retina", "Retina\Retina.csproj", "{718B08B4-9A15-4163-9594-E4A5FF097306}"
EndProject
Global
	GlobalSection(SolutionConfigurationPlatforms) = preSolution
		Debug|Any CPU = Debug|Any CPU
		Debug|iPhone = Debug|iPhone
		Debug|iPhoneSimulator = Debug|iPhoneSimulator
		Release|Any CPU = Release|Any CPU
		Release|iPhone = Release|iPhone
		Release|iPhoneSimulator = Release|iPhoneSimulator
	EndGlobalSection
	GlobalSection(ProjectConfigurationPlatforms) = postSolution
		{7C6B571C-80FC-49B4-9488-0C56CCCACF38}.Debug|Any CPU.ActiveCfg = Debug|Any CPU
		{7C6B571C-80FC-49B4-9488-0C56CCCACF38}.Debug|Any CPU.Build.0 = Debug|Any CPU
		{7C6B571C-80FC-49B4-9488-0C56CCCACF38}.Debug|Any CPU.Deploy.0 = Debug|Any CPU
		{7C6B571C-80FC-49B4-9488-0C56CCCACF38}.Debug|iPhone.ActiveCfg = Debug|Any CPU
		{7C6B571C-80FC-49B4-9488-0C56CCCACF38}.Debug|iPhone.Build.0 = Debug|Any CPU
		{7C6B571C-80FC-49B4-9488-0C56CCCACF38}.Debug|iPhone.Deploy.0 = Debug|Any CPU
		{7C6B571C-80FC-49B4-9488-0C56CCCACF38}.Debug|iPhoneSimulator.ActiveCfg = Debug|Any CPU
		{7C6B571C-80FC-49B4-9488-0C56CCCACF38}.Debug|iPhoneSimulator.Build.0 = Debug|Any CPU
		{7C6B571C-80FC-49B4-9488-0C56CCCACF38}.Debug|iPhoneSimulator.Deploy.0 = Debug|Any CPU
		{7C6B571C-80FC-49B4-9488-0C56CCCACF38}.Release|Any CPU.ActiveCfg = Release|Any CPU
		{7C6B571C-80FC-49B4-9488-0C56CCCACF38}.Release|Any CPU.Build.0 = Release|Any CPU
		{7C6B571C-80FC-49B4-9488-0C56CCCACF38}.Release|Any CPU.Deploy.0 = Release|Any CPU
		{7C6B571C-80FC-49B4-9488-0C56CCCACF38}.Release|iPhone.ActiveCfg = Release|Any CPU
		{7C6B571C-80FC-49B4-9488-0C56CCCACF38}.Release|iPhone.Build.0 = Release|Any CPU
		{7C6B571C-80FC-49B4-9488-0C56CCCACF38}.Release|iPhone.Deploy.0 = Release|Any CPU
		{7C6B571C-80FC-49B4-9488-0C56CCCACF38}.Release|iPhoneSimulator.ActiveCfg = Release|Any CPU
		{7C6B571C-80FC-49B4-9488-0C56CCCACF38}.Release|iPhoneSimulator.Build.0 = Release|Any CPU
		{7C6B571C-80FC-49B4-9488-0C56CCCACF38}.Release|iPhoneSimulator.Deploy.0 = Release|Any CPU
		{FC43CA4E-14C0-4F8F-8E7D-DD71117ECC68}.Debug|Any CPU.ActiveCfg = Debug|iPhone
		{FC43CA4E-14C0-4F8F-8E7D-DD71117ECC68}.Debug|Any CPU.Build.0 = Debug|iPhone
		{FC43CA4E-14C0-4F8F-8E7D-DD71117ECC68}.Debug|Any CPU.Deploy.0 = Debug|iPhone
		{FC43CA4E-14C0-4F8F-8E7D-DD71117ECC68}.Debug|iPhone.ActiveCfg = Debug|iPhone
		{FC43CA4E-14C0-4F8F-8E7D-DD71117ECC68}.Debug|iPhone.Build.0 = Debug|iPhone
		{FC43CA4E-14C0-4F8F-8E7D-DD71117ECC68}.Debug|iPhone.Deploy.0 = Debug|iPhone
		{FC43CA4E-14C0-4F8F-8E7D-DD71117ECC68}.Debug|iPhoneSimulator.ActiveCfg = Debug|iPhoneSimulator
		{FC43CA4E-14C0-4F8F-8E7D-DD71117ECC68}.Debug|iPhoneSimulator.Build.0 = Debug|iPhoneSimulator
		{FC43CA4E-14C0-4F8F-8E7D-DD71117ECC68}.Debug|iPhoneSimulator.Deploy.0 = Debug|iPhoneSimulator
		{FC43CA4E-14C0-4F8F-8E7D-DD71117ECC68}.Release|Any CPU.ActiveCfg = Release|iPhoneSimulator
		{FC43CA4E-14C0-4F8F-8E7D-DD71117ECC68}.Release|Any CPU.Build.0 = Release|iPhoneSimulator
		{FC43CA4E-14C0-4F8F-8E7D-DD71117ECC68}.Release|Any CPU.Deploy.0 = Release|iPhoneSimulator
		{FC43CA4E-14C0-4F8F-8E7D-DD71117ECC68}.Release|iPhone.ActiveCfg = Release|iPhone
		{FC43CA4E-14C0-4F8F-8E7D-DD71117ECC68}.Release|iPhone.Build.0 = Release|iPhone
		{FC43CA4E-14C0-4F8F-8E7D-DD71117ECC68}.Release|iPhone.Deploy.0 = Release|iPhone
		{FC43CA4E-14C0-4F8F-8E7D-DD71117ECC68}.Release|iPhoneSimulator.ActiveCfg = Release|iPhoneSimulator
		{FC43CA4E-14C0-4F8F-8E7D-DD71117ECC68}.Release|iPhoneSimulator.Build.0 = Release|iPhoneSimulator
		{FC43CA4E-14C0-4F8F-8E7D-DD71117ECC68}.Release|iPhoneSimulator.Deploy.0 = Release|iPhoneSimulator
		{718B08B4-9A15-4163-9594-E4A5FF097306}.Debug|Any CPU.ActiveCfg = Debug|Any CPU
		{718B08B4-9A15-4163-9594-E4A5FF097306}.Debug|Any CPU.Build.0 = Debug|Any CPU
		{718B08B4-9A15-4163-9594-E4A5FF097306}.Debug|Any CPU.Deploy.0 = Debug|Any CPU
		{718B08B4-9A15-4163-9594-E4A5FF097306}.Debug|iPhone.ActiveCfg = Debug|Any CPU
		{718B08B4-9A15-4163-9594-E4A5FF097306}.Debug|iPhone.Build.0 = Debug|Any CPU
		{718B08B4-9A15-4163-9594-E4A5FF097306}.Debug|iPhone.Deploy.0 = Debug|Any CPU
		{718B08B4-9A15-4163-9594-E4A5FF097306}.Debug|iPhoneSimulator.ActiveCfg = Debug|Any CPU
		{718B08B4-9A15-4163-9594-E4A5FF097306}.Debug|iPhoneSimulator.Build.0 = Debug|Any CPU
		{718B08B4-9A15-4163-9594-E4A5FF097306}.Debug|iPhoneSimulator.Deploy.0 = Debug|Any CPU
		{718B08B4-9A15-4163-9594-E4A5FF097306}.Release|Any CPU.ActiveCfg = Release|Any CPU
		{718B08B4-9A15-4163-9594-E4A5FF097306}.Release|Any CPU.Build.0 = Release|Any CPU
		{718B08B4-9A15-4163-9594-E4A5FF097306}.Release|Any CPU.Deploy.0 = Release|Any CPU
		{718B08B4-9A15-4163-9594-E4A5FF097306}.Release|iPhone.ActiveCfg = Release|Any CPU
		{718B08B4-9A15-4163-9594-E4A5FF097306}.Release|iPhone.Build.0 = Release|Any CPU
		{718B08B4-9A15-4163-9594-E4A5FF097306}.Release|iPhone.Deploy.0 = Release|Any CPU
		{718B08B4-9A15-4163-9594-E4A5FF097306}.Release|iPhoneSimulator.ActiveCfg = Release|Any CPU
		{718B08B4-9A15-4163-9594-E4A5FF097306}.Release|iPhoneSimulator.Build.0 = Release|Any CPU
		{718B08B4-9A15-4163-9594-E4A5FF097306}.Release|iPhoneSimulator.Deploy.0 = Release|Any CPU
	EndGlobalSection
	GlobalSection(SolutionProperties) = preSolution
		HideSolutionNode = FALSE
	EndGlobalSection
	GlobalSection(ExtensibilityGlobals) = postSolution
		SolutionGuid = {BF379419-DB52-493A-86E0-2EA33038671E}
	EndGlobalSection
EndGlobal
